# This file is automatically @generated by Cargo.
# It is not intended for manual editing.
version = 3

[[package]]
name = "GSL"
version = "4.0.4"
source = "registry+https://github.com/rust-lang/crates.io-index"
checksum = "3c90488c022c43f0009d7e804c4925b8975296b1c7aaca4cb18e3b434f809f7c"
dependencies = [
 "GSL-sys",
 "paste",
]

[[package]]
name = "GSL-sys"
version = "2.0.2"
source = "registry+https://github.com/rust-lang/crates.io-index"
checksum = "fbf44cd363ba6b685de2ead20a580ff72cee2e953285bd8ca8cc9208d58dace5"
dependencies = [
 "libc",
 "pkg-config",
]

[[package]]
name = "assert_approx_eq"
version = "1.1.0"
source = "registry+https://github.com/rust-lang/crates.io-index"
checksum = "3c07dab4369547dbe5114677b33fbbf724971019f3818172d59a97a61c774ffd"

[[package]]
name = "correlation_rust"
version = "0.1.0"
dependencies = [
 "GSL",
 "assert_approx_eq",
]

[[package]]
name = "libc"
version = "0.2.124"
source = "registry+https://github.com/rust-lang/crates.io-index"
checksum = "21a41fed9d98f27ab1c6d161da622a4fa35e8a54a8adc24bbf3ddd0ef70b0e50"

[[package]]
name = "paste"
version = "1.0.7"
source = "registry+https://github.com/rust-lang/crates.io-index"
checksum = "0c520e05135d6e763148b6426a837e239041653ba7becd2e538c076c738025fc"

[[package]]
name = "pkg-config"
version = "0.3.25"
source = "registry+https://github.com/rust-lang/crates.io-index"
checksum = "1df8c4ec4b0627e53bdf214615ad287367e482558cf84b109250b37464dc03ae"
